# Verified macOS Apple Silicon / CPython 3.12 wheel lock from official PyPI files.
# Regenerate and repeat the real-machine installation evidence after every dependency change.
anyio==4.14.2 --hash=sha256:9f505dda5ac9f0c8309b5e8bd445a8c2bf7246f3ce950121e45ea15bc41d1494
av==14.1.0 --hash=sha256:d2ca492e369b5628c8a1fc6889c1ac1f66ec8e4b99d2cc2633e7eaf4d2c82e66
certifi==2026.7.22 --hash=sha256:62f22742b58a1a33014a2b6b706588a8d7e2a88ae7bd1a6ebe8c992928483775
click==8.5.0 --hash=sha256:255bc9599cf7748b4b1a446ccc735421bd08a2ae529a8b88597d3de5664ee360
ctranslate2==4.8.1 --hash=sha256:9de0dddd91ae68da0a7323441e90708d14b31d31cd443004dda0e1198b5bf11e
faster-whisper==1.2.1 --hash=sha256:79a66ad50688c0b794dd501dc340a736992a6342f7f95e5811be60b5224a26a7
filelock==3.32.4 --hash=sha256:22e58ca3b1ae3b98993b762d7338367ae64fe50252bf78d59da3bfebcdf1cedd
flatbuffers==25.12.19 --hash=sha256:7634f50c427838bb021c2d66a3d1168e9d199b0607e6329399f04846d42e20b4
fsspec==2026.7.0 --hash=sha256:b57ddbafedfaef7018c1ecab32aa200a9d7ca26b77965f64e48b70061249d279
h11==0.16.0 --hash=sha256:63cf8bbe7522de3bf65932fda1d9c2772064ffb3dae62d55932da54b31cb6c86
hf-xet==1.6.0 --hash=sha256:f0906082d9932ae0c0057fa194041c22b4e2cdb46b2592ef3b91f020d62a081a
httpcore==1.0.9 --hash=sha256:2d400746a40668fc9dec9810239072b40b4484b640a8c38fd654a024c7a1bf55
httpx==0.28.1 --hash=sha256:d909fcccc110f8c7faf814ca82a9a4d816bc5a6dbfea25d6591d6985b8ba59ad
huggingface_hub==1.26.0 --hash=sha256:e8cca670caa5d8dfa7e45bf45e86b466698198cd8150c021bcdb4a86b9252364
idna==3.19 --hash=sha256:815e7be7a7806d54abb586dc943addc79e8b2ee16915059658cbeff4b1b43bf4
numpy==2.5.2 --hash=sha256:4bbd96c833ecc8cc069ce518078fc8c60cb9cbfb0fea5b7a803ad65035596d03
onnxruntime==1.19.2 --hash=sha256:68e7051bef9cfefcbb858d2d2646536829894d72a4130c24019219442b1dd2ed
packaging==26.3 --hash=sha256:d7193f7c8e4e93f444fde0262bf90af30e16fa0ad0ad44cb553c87339b23cd1c
protobuf==7.36.0 --hash=sha256:9103532dffd80c6fab7e50c65a31007680a06eb57537d437bb1b35812c138a37
PyYAML==6.0.3 --hash=sha256:fc09d0aa354569bc501d4e787133afc08552722d3ab34836a80547331bb5d4a0
setuptools==84.0.0 --hash=sha256:51a52592b3b99e102b609654876bd65f19f999935166d1352678931132b0c670
tokenizers==0.23.1 --hash=sha256:e0948bbb1ac1d7cdfc9fb6d62c596e3b7550036ad60ecd654a66ad273326324e
tqdm==4.70.0 --hash=sha256:7f585706bfddbdebf89daac705b2dfcc16890130727d3197ca62c732b4310953
typing_extensions==4.16.0 --hash=sha256:481caa481374e813c1b176ada14e97f1f67a4539ce9cfeb3f350d78d6370c2e8
coloredlogs==15.0.1 --hash=sha256:612ee75c546f53e92e70049c9dbfcc18c935a2b9a53b66085ce9ef6a6e5c0934
humanfriendly==10.0 --hash=sha256:1697e1a8a8f550fd43c2865cd84542fc175a61dcb779b6fee18cf6b6ccba1477
sympy==1.14.0 --hash=sha256:e091cc3e99d2141a0ba2847328f5479b05d94a6635cb96148ccb3f34671bd8f5
mpmath==1.3.0 --hash=sha256:a0b2b9fe80bbcd81a6647ff13108738cfb482d481d826cc0e02f5b35e5c88d2c
